// !$*UTF8*$!
{
	archiveVersion = 1;
	classes = {
	};
	objectVersion = 46;
	objects = {

/* Begin PBXBuildFile section */
		6CE2F5AB1A677D0000E1F1A4 /* AppDelegate.swift in Sources */ = {isa = PBXBuildFile; fileRef = 6CE2F5AA1A677D0000E1F1A4 /* AppDelegate.swift */; };
		6CE2F5AD1A677D0000E1F1A4 /* ViewController.swift in Sources */ = {isa = PBXBuildFile; fileRef = 6CE2F5AC1A677D0000E1F1A4 /* ViewController.swift */; };
		6CE2F5B01A677D0000E1F1A4 /* Main.storyboard in Resources */ = {isa = PBXBuildFile; fileRef = 6CE2F5AE1A677D0000E1F1A4 /* Main.storyboard */; };
		6CE2F5B21A677D0000E1F1A4 /* Images.xcassets in Resources */ = {isa = PBXBuildFile; fileRef = 6CE2F5B11A677D0000E1F1A4 /* Images.xcassets */; };
		6CE2F5B51A677D0000E1F1A4 /* LaunchScreen.xib in Resources */ = {isa = PBXBuildFile; fileRef = 6CE2F5B31A677D0000E1F1A4 /* LaunchScreen.xib */; };
		6CE2F5C11A677D0000E1F1A4 /* Tip_CalculatorTests.swift in Sources */ = {isa = PBXBuildFile; fileRef = 6CE2F5C01A677D0000E1F1A4 /* Tip_CalculatorTests.swift */; };
/* End PBXBuildFile section */

/* Begin PBXContainerItemProxy section */
		6CE2F5BB1A677D0000E1F1A4 /* PBXContainerItemProxy */ = {
			isa = PBXContainerItemProxy;
			containerPortal = 6CE2F59D1A677D0000E1F1A4 /* Project object */;
			proxyType = 1;
			remoteGlobalIDString = 6CE2F5A41A677D0000E1F1A4;
			remoteInfo = "Tip Calculator";
		};
/* End PBXContainerItemProxy section */

/* Begin PBXFileReference section */
		6CE2F5A51A677D0000E1F1A4 /* Tip Calculator.app */ = {isa = PBXFileReference; explicitFileType = wrapper.application; includeInIndex = 0; path = "Tip Calculator.app"; sourceTree = BUILT_PRODUCTS_DIR; };
		6CE2F5A91A677D0000E1F1A4 /* Info.plist */ = {isa = PBXFileReference; lastKnownFileType = text.plist.xml; path = Info.plist; sourceTree = "<group>"; };
		6CE2F5AA1A677D0000E1F1A4 /* AppDelegate.swift */ = {isa = PBXFileReference; lastKnownFileType = sourcecode.swift; path = AppDelegate.swift; sourceTree = "<group>"; };
		6CE2F5AC1A677D0000E1F1A4 /* ViewController.swift */ = {isa = PBXFileReference; lastKnownFileType = sourcecode.swift; path = ViewController.swift; sourceTree = "<group>"; };
		6CE2F5AF1A677D0000E1F1A4 /* Base */ = {isa = PBXFileReference; lastKnownFileType = file.storyboard; name = Base; path = Base.lproj/Main.storyboard; sourceTree = "<group>"; };
		6CE2F5B11A677D0000E1F1A4 /* Images.xcassets */ = {isa = PBXFileReference; lastKnownFileType = folder.assetcatalog; path = Images.xcassets; sourceTree = "<group>"; };
		6CE2F5B41A677D0000E1F1A4 /* Base */ = {isa = PBXFileReference; lastKnownFileType = file.xib; name = Base; path = Base.lproj/LaunchScreen.xib; sourceTree = "<group>"; };
		6CE2F5BA1A677D0000E1F1A4 /* Tip CalculatorTests.xctest */ = {isa = PBXFileReference; explicitFileType = wrapper.cfbundle; includeInIndex = 0; path = "Tip CalculatorTests.xctest"; sourceTree = BUILT_PRODUCTS_DIR; };
		6CE2F5BF1A677D0000E1F1A4 /* Info.plist */ = {isa = PBXFileReference; lastKnownFileType = text.plist.xml; path = Info.plist; sourceTree = "<group>"; };
		6CE2F5C01A677D0000E1F1A4 /* Tip_CalculatorTests.swift */ = {isa = PBXFileReference; lastKnownFileType = sourcecode.swift; path = Tip_CalculatorTests.swift; sourceTree = "<group>"; };
/* End PBXFileReference section */

/* Begin PBXFrameworksBuildPhase section */
		6CE2F5A21A677D0000E1F1A4 /* Frameworks */ = {
			isa = PBXFrameworksBuildPhase;
			buildActionMask = 2147483647;
			files = (
			);
			runOnlyForDeploymentPostprocessing = 0;
		};
		6CE2F5B71A677D0000E1F1A4 /* Frameworks */ = {
			isa = PBXFrameworksBuildPhase;
			buildActionMask = 2147483647;
			files = (
			);
			runOnlyForDeploymentPostprocessing = 0;
		};
/* End PBXFrameworksBuildPhase section */

/* Begin PBXGroup section */
		6CE2F59C1A677D0000E1F1A4 = {
			isa = PBXGroup;
			children = (
				6CE2F5A71A677D0000E1F1A4 /* Tip Calculator */,
				6CE2F5BD1A677D0000E1F1A4 /* Tip CalculatorTests */,
				6CE2F5A61A677D0000E1F1A4 /* Products */,
			);
			sourceTree = "<group>";
		};
		6CE2F5A61A677D0000E1F1A4 /* Products */ = {
			isa = PBXGroup;
			children = (
				6CE2F5A51A677D0000E1F1A4 /* Tip Calculator.app */,
				6CE2F5BA1A677D0000E1F1A4 /* Tip CalculatorTests.xctest */,
			);
			name = Products;
			sourceTree = "<group>";
		};
		6CE2F5A71A677D0000E1F1A4 /* Tip Calculator */ = {
			isa = PBXGroup;
			children = (
				6CE2F5AA1A677D0000E1F1A4 /* AppDelegate.swift */,
				6CE2F5AC1A677D0000E1F1A4 /* ViewController.swift */,
				6CE2F5AE1A677D0000E1F1A4 /* Main.storyboard */,
				6CE2F5B11A677D0000E1F1A4 /* Images.xcassets */,
				6CE2F5B31A677D0000E1F1A4 /* LaunchScreen.xib */,
				6CE2F5A81A677D0000E1F1A4 /* Supporting Files */,
			);
			path = "Tip Calculator";
			sourceTree = "<group>";
		};
		6CE2F5A81A677D0000E1F1A4 /* Supporting Files */ = {
			isa = PBXGroup;
			children = (
				6CE2F5A91A677D0000E1F1A4 /* Info.plist */,
			);
			name = "Supporting Files";
			sourceTree = "<group>";
		};
		6CE2F5BD1A677D0000E1F1A4 /* Tip CalculatorTests */ = {
			isa = PBXGroup;
			children = (
				6CE2F5C01A677D0000E1F1A4 /* Tip_CalculatorTests.swift */,
				6CE2F5BE1A677D0000E1F1A4 /* Supporting Files */,
			);
			path = "Tip CalculatorTests";
			sourceTree = "<group>";
		};
		6CE2F5BE1A677D0000E1F1A4 /* Supporting Files */ = {
			isa = PBXGroup;
			children = (
				6CE2F5BF1A677D0000E1F1A4 /* Info.plist */,
			);
			name = "Supporting Files";
			sourceTree = "<group>";
		};
/* End PBXGroup section */

/* Begin PBXNativeTarget section */
		6CE2F5A41A677D0000E1F1A4 /* Tip Calculator */ = {
			isa = PBXNativeTarget;
			buildConfigurationList = 6CE2F5C41A677D0000E1F1A4 /* Build configuration list for PBXNativeTarget "Tip Calculator" */;
			buildPhases = (
				6CE2F5A11A677D0000E1F1A4 /* Sources */,
				6CE2F5A21A677D0000E1F1A4 /* Frameworks */,
				6CE2F5A31A677D0000E1F1A4 /* Resources */,
			);
			buildRules = (
			);
			dependencies = (
			);
			name = "Tip Calculator";
			productName = "Tip Calculator";
			productReference = 6CE2F5A51A677D0000E1F1A4 /* Tip Calculator.app */;
			productType = "com.apple.product-type.application";
		};
		6CE2F5B91A677D0000E1F1A4 /* Tip CalculatorTests */ = {
			isa = PBXNativeTarget;
			buildConfigurationList = 6CE2F5C71A677D0000E1F1A4 /* Build configuration list for PBXNativeTarget "Tip CalculatorTests" */;
			buildPhases = (
				6CE2F5B61A677D0000E1F1A4 /* Sources */,
				6CE2F5B71A677D0000E1F1A4 /* Frameworks */,
				6CE2F5B81A677D0000E1F1A4 /* Resources */,
			);
			buildRules = (
			);
			dependencies = (
				6CE2F5BC1A677D0000E1F1A4 /* PBXTargetDependency */,
			);
			name = "Tip CalculatorTests";
			productName = "Tip CalculatorTests";
			productReference = 6CE2F5BA1A677D0000E1F1A4 /* Tip CalculatorTests.xctest */;
			productType = "com.apple.product-type.bundle.unit-test";
		};
/* End PBXNativeTarget section */

/* Begin PBXProject section */
		6CE2F59D1A677D0000E1F1A4 /* Project object */ = {
			isa = PBXProject;
			attributes = {
				LastUpgradeCheck = 0610;
				ORGANIZATIONNAME = "John Ejike-Nwogu";
				TargetAttributes = {
					6CE2F5A41A677D0000E1F1A4 = {
						CreatedOnToolsVersion = 6.1;
					};
					6CE2F5B91A677D0000E1F1A4 = {
						CreatedOnToolsVersion = 6.1;
						TestTargetID = 6CE2F5A41A677D0000E1F1A4;
					};
				};
			};
			buildConfigurationList = 6CE2F5A01A677D0000E1F1A4 /* Build configuration list for PBXProject "Tip Calculator" */;
			compatibilityVersion = "Xcode 3.2";
			developmentRegion = English;
			hasScannedForEncodings = 0;
			knownRegions = (
				en,
				Base,
			);
			mainGroup = 6CE2F59C1A677D0000E1F1A4;
			productRefGroup = 6CE2F5A61A677D0000E1F1A4 /* Products */;
			projectDirPath = "";
			projectRoot = "";
			targets = (
				6CE2F5A41A677D0000E1F1A4 /* Tip Calculator */,
				6CE2F5B91A677D0000E1F1A4 /* Tip CalculatorTests */,
			);
		};
/* End PBXProject section */

/* Begin PBXResourcesBuildPhase section */
		6CE2F5A31A677D0000E1F1A4 /* Resources */ = {
			isa = PBXResourcesBuildPhase;
			buildActionMask = 2147483647;
			files = (
				6CE2F5B01A677D0000E1F1A4 /* Main.storyboard in Resources */,
				6CE2F5B51A677D0000E1F1A4 /* LaunchScreen.xib in Resources */,
				6CE2F5B21A677D0000E1F1A4 /* Images.xcassets in Resources */,
			);
			runOnlyForDeploymentPostprocessing = 0;
		};
		6CE2F5B81A677D0000E1F1A4 /* Resources */ = {
			isa = PBXResourcesBuildPhase;
			buildActionMask = 2147483647;
			files = (
			);
			runOnlyForDeploymentPostprocessing = 0;
		};
/* End PBXResourcesBuildPhase section */

/* Begin PBXSourcesBuildPhase section */
		6CE2F5A11A677D0000E1F1A4 /* Sources */ = {
			isa = PBXSourcesBuildPhase;
			buildActionMask = 2147483647;
			files = (
				6CE2F5AD1A677D0000E1F1A4 /* ViewController.swift in Sources */,
				6CE2F5AB1A677D0000E1F1A4 /* AppDelegate.swift in Sources */,
			);
			runOnlyForDeploymentPostprocessing = 0;
		};
		6CE2F5B61A677D0000E1F1A4 /* Sources */ = {
			isa = PBXSourcesBuildPhase;
			buildActionMask = 2147483647;
			files = (
				6CE2F5C11A677D0000E1F1A4 /* Tip_CalculatorTests.swift in Sources */,
			);
			runOnlyForDeploymentPostprocessing = 0;
		};
/* End PBXSourcesBuildPhase section */

/* Begin PBXTargetDependency section */
		6CE2F5BC1A677D0000E1F1A4 /* PBXTargetDependency */ = {
			isa = PBXTargetDependency;
			target = 6CE2F5A41A677D0000E1F1A4 /* Tip Calculator */;
			targetProxy = 6CE2F5BB1A677D0000E1F1A4 /* PBXContainerItemProxy */;
		};
/* End PBXTargetDependency section */

/* Begin PBXVariantGroup section */
		6CE2F5AE1A677D0000E1F1A4 /* Main.storyboard */ = {
			isa = PBXVariantGroup;
			children = (
				6CE2F5AF1A677D0000E1F1A4 /* Base */,
			);
			name = Main.storyboard;
			sourceTree = "<group>";
		};
		6CE2F5B31A677D0000E1F1A4 /* LaunchScreen.xib */ = {
			isa = PBXVariantGroup;
			children = (
				6CE2F5B41A677D0000E1F1A4 /* Base */,
			);
			name = LaunchScreen.xib;
			sourceTree = "<group>";
		};
/* End PBXVariantGroup section */

/* Begin XCBuildConfiguration section */
		6CE2F5C21A677D0000E1F1A4 /* Debug */ = {
			isa = XCBuildConfiguration;
			buildSettings = {
				ALWAYS_SEARCH_USER_PATHS = NO;
				CLANG_CXX_LANGUAGE_STANDARD = "gnu++0x";
				CLANG_CXX_LIBRARY = "libc++";
				CLANG_ENABLE_MODULES = YES;
				CLANG_ENABLE_OBJC_ARC = YES;
				CLANG_WARN_BOOL_CONVERSION = YES;
				CLANG_WARN_CONSTANT_CONVERSION = YES;
				CLANG_WARN_DIRECT_OBJC_ISA_USAGE = YES_ERROR;
				CLANG_WARN_EMPTY_BODY = YES;
				CLANG_WARN_ENUM_CONVERSION = YES;
				CLANG_WARN_INT_CONVERSION = YES;
				CLANG_WARN_OBJC_ROOT_CLASS = YES_ERROR;
				CLANG_WARN_UNREACHABLE_CODE = YES;
				CLANG_WARN__DUPLICATE_METHOD_MATCH = YES;
				"CODE_SIGN_IDENTITY[sdk=iphoneos*]" = "iPhone Developer";
				COPY_PHASE_STRIP = NO;
				ENABLE_STRICT_OBJC_MSGSEND = YES;
				GCC_C_LANGUAGE_STANDARD = gnu99;
				GCC_DYNAMIC_NO_PIC = NO;
				GCC_OPTIMIZATION_LEVEL = 0;
				GCC_PREPROCESSOR_DEFINITIONS = (
					"DEBUG=1",
					"$(inherited)",
				);
				GCC_SYMBOLS_PRIVATE_EXTERN = NO;
				GCC_WARN_64_TO_32_BIT_CONVERSION = YES;
				GCC_WARN_ABOUT_RETURN_TYPE = YES_ERROR;
				GCC_WARN_UNDECLARED_SELECTOR = YES;
				GCC_WARN_UNINITIALIZED_AUTOS = YES_AGGRESSIVE;
				GCC_WARN_UNUSED_FUNCTION = YES;
				GCC_WARN_UNUSED_VARIABLE = YES;
				IPHONEOS_DEPLOYMENT_TARGET = 8.1;
				MTL_ENABLE_DEBUG_INFO = YES;
				ONLY_ACTIVE_ARCH = YES;
				SDKROOT = iphoneos;
				SWIFT_OPTIMIZATION_LEVEL = "-Onone";
			};
			name = Debug;
		};
		6CE2F5C31A677D0000E1F1A4 /* Release */ = {
			isa = XCBuildConfiguration;
			buildSettings = {
				ALWAYS_SEARCH_USER_PATHS = NO;
				CLANG_CXX_LANGUAGE_STANDARD = "gnu++0x";
				CLANG_CXX_LIBRARY = "libc++";
				CLANG_ENABLE_MODULES = YES;
				CLANG_ENABLE_OBJC_ARC = YES;
				CLANG_WARN_BOOL_CONVERSION = YES;
				CLANG_WARN_CONSTANT_CONVERSION = YES;
				CLANG_WARN_DIRECT_OBJC_ISA_USAGE = YES_ERROR;
				CLANG_WARN_EMPTY_BODY = YES;
				CLANG_WARN_ENUM_CONVERSION = YES;
				CLANG_WARN_INT_CONVERSION = YES;
				CLANG_WARN_OBJC_ROOT_CLASS = YES_ERROR;
				CLANG_WARN_UNREACHABLE_CODE = YES;
				CLANG_WARN__DUPLICATE_METHOD_MATCH = YES;
				"CODE_SIGN_IDENTITY[sdk=iphoneos*]" = "iPhone Developer";
				COPY_PHASE_STRIP = YES;
				ENABLE_NS_ASSERTIONS = NO;
				ENABLE_STRICT_OBJC_MSGSEND = YES;
				GCC_C_LANGUAGE_STANDARD = gnu99;
				GCC_WARN_64_TO_32_BIT_CONVERSION = YES;
				GCC_WARN_ABOUT_RETURN_TYPE = YES_ERROR;
				GCC_WARN_UNDECLARED_SELECTOR = YES;
				GCC_WARN_UNINITIALIZED_AUTOS = YES_AGGRESSIVE;
				GCC_WARN_UNUSED_FUNCTION = YES;
				GCC_WARN_UNUSED_VARIABLE = YES;
				IPHONEOS_DEPLOYMENT_TARGET = 8.1;
				MTL_ENABLE_DEBUG_INFO = NO;
				SDKROOT = iphoneos;
				VALIDATE_PRODUCT = YES;
			};
			name = Release;
		};
		6CE2F5C51A677D0000E1F1A4 /* Debug */ = {
			isa = XCBuildConfiguration;
			buildSettings = {
				ASSETCATALOG_COMPILER_APPICON_NAME = AppIcon;
				INFOPLIST_FILE = "Tip Calculator/Info.plist";
				LD_RUNPATH_SEARCH_PATHS = "$(inherited) @executable_path/Frameworks";
				PRODUCT_NAME = "$(TARGET_NAME)";
			};
			name = Debug;
		};
		6CE2F5C61A677D0000E1F1A4 /* Release */ = {
			isa = XCBuildConfiguration;
			buildSettings = {
				ASSETCATALOG_COMPILER_APPICON_NAME = AppIcon;
				INFOPLIST_FILE = "Tip Calculator/Info.plist";
				LD_RUNPATH_SEARCH_PATHS = "$(inherited) @executable_path/Frameworks";
				PRODUCT_NAME = "$(TARGET_NAME)";
			};
			name = Release;
		};
		6CE2F5C81A677D0000E1F1A4 /* Debug */ = {
			isa = XCBuildConfiguration;
			buildSettings = {
				BUNDLE_LOADER = "$(TEST_HOST)";
				FRAMEWORK_SEARCH_PATHS = (
					"$(SDKROOT)/Developer/Library/Frameworks",
					"$(inherited)",
				);
				GCC_PREPROCESSOR_DEFINITIONS = (
					"DEBUG=1",
					"$(inherited)",
				);
				INFOPLIST_FILE = "Tip CalculatorTests/Info.plist";
				LD_RUNPATH_SEARCH_PATHS = "$(inherited) @executable_path/Frameworks @loader_path/Frameworks";
				PRODUCT_NAME = "$(TARGET_NAME)";
				TEST_HOST = "$(BUILT_PRODUCTS_DIR)/Tip Calculator.app/Tip Calculator";
			};
			name = Debug;
		};
		6CE2F5C91A677D0000E1F1A4 /* Release */ = {
			isa = XCBuildConfiguration;
			buildSettings = {
				BUNDLE_LOADER = "$(TEST_HOST)";
				FRAMEWORK_SEARCH_PATHS = (
					"$(SDKROOT)/Developer/Library/Frameworks",
					"$(inherited)",
				);
				INFOPLIST_FILE = "Tip CalculatorTests/Info.plist";
				LD_RUNPATH_SEARCH_PATHS = "$(inherited) @executable_path/Frameworks @loader_path/Frameworks";
				PRODUCT_NAME = "$(TARGET_NAME)";
				TEST_HOST = "$(BUILT_PRODUCTS_DIR)/Tip Calculator.app/Tip Calculator";
			};
			name = Release;
		};
/* End XCBuildConfiguration section */

/* Begin XCConfigurationList section */
		6CE2F5A01A677D0000E1F1A4 /* Build configuration list for PBXProject "Tip Calculator" */ = {
			isa = XCConfigurationList;
			buildConfigurations = (
				6CE2F5C21A677D0000E1F1A4 /* Debug */,
				6CE2F5C31A677D0000E1F1A4 /* Release */,
			);
			defaultConfigurationIsVisible = 0;
			defaultConfigurationName = Release;
		};
		6CE2F5C41A677D0000E1F1A4 /* Build configuration list for PBXNativeTarget "Tip Calculator" */ = {
			isa = XCConfigurationList;
			buildConfigurations = (
				6CE2F5C51A677D0000E1F1A4 /* Debug */,
				6CE2F5C61A677D0000E1F1A4 /* Release */,
			);
			defaultConfigurationIsVisible = 0;
		};
		6CE2F5C71A677D0000E1F1A4 /* Build configuration list for PBXNativeTarget "Tip CalculatorTests" */ = {
			isa = XCConfigurationList;
			buildConfigurations = (
				6CE2F5C81A677D0000E1F1A4 /* Debug */,
				6CE2F5C91A677D0000E1F1A4 /* Release */,
			);
			defaultConfigurationIsVisible = 0;
		};
/* End XCConfigurationList section */
	};
	rootObject = 6CE2F59D1A677D0000E1F1A4 /* Project object */;
}
